{
  "name": "reaction-dummy-data-ui",
  "version": "1.1.0",
  "lockfileVersion": 1,
  "requires": true,
  "dependencies": {
    "mdi-material-ui": {
      "version": "6.22.1",
      "resolved": "https://registry.npmjs.org/mdi-material-ui/-/mdi-material-ui-6.22.1.tgz",
      "integrity": "sha512-wndaFXJhoFr9g5kPw31TZajTa9uf/21jb2jD1rJ5Vi+sj2GZYnZz2BYbrfp1qFgd7tZz8XAcnpsSNMdLbe+dtw=="
    }
  }
}
